// !$*UTF8*$!
{
   archiveVersion = "1";
   objectVersion = "46";
   objects = {
      "Hazel::Hazel" = {
         isa = "PBXNativeTarget";
         buildConfigurationList = "OBJ_75";
         buildPhases = (
            "OBJ_78",
            "OBJ_80",
         );
         dependencies = (
            "OBJ_84",
            "OBJ_86",
            "OBJ_88",
         );
         name = "Hazel";
         productName = "Hazel";
         productReference = "Hazel::Hazel::Product";
         productType = "com.apple.product-type.tool";
      };
      "Hazel::Hazel::Product" = {
         isa = "PBXFileReference";
         path = "Hazel";
         sourceTree = "BUILT_PRODUCTS_DIR";
      };
      "Hazel::HazelCore" = {
         isa = "PBXNativeTarget";
         buildConfigurationList = "OBJ_90";
         buildPhases = (
            "OBJ_93",
            "OBJ_106",
         );
         dependencies = (
            "OBJ_109",
            "OBJ_110",
         );
         name = "HazelCore";
         productName = "HazelCore";
         productReference = "Hazel::HazelCore::Product";
         productType = "com.apple.product-type.framework";
      };
      "Hazel::HazelCore::Product" = {
         isa = "PBXFileReference";
         path = "HazelCore.framework";
         sourceTree = "BUILT_PRODUCTS_DIR";
      };
      "Hazel::HazelPackageTests::ProductTarget" = {
         isa = "PBXAggregateTarget";
         buildConfigurationList = "OBJ_118";
         buildPhases = (
         );
         dependencies = (
            "OBJ_121",
         );
         name = "HazelPackageTests";
         productName = "HazelPackageTests";
      };
      "Hazel::HazelTests" = {
         isa = "PBXNativeTarget";
         buildConfigurationList = "OBJ_123";
         buildPhases = (
            "OBJ_126",
            "OBJ_129",
         );
         dependencies = (
            "OBJ_133",
            "OBJ_134",
            "OBJ_135",
         );
         name = "HazelTests";
         productName = "HazelTests";
         productReference = "Hazel::HazelTests::Product";
         productType = "com.apple.product-type.bundle.unit-test";
      };
      "Hazel::HazelTests::Product" = {
         isa = "PBXFileReference";
         path = "HazelTests.xctest";
         sourceTree = "BUILT_PRODUCTS_DIR";
      };
      "Hazel::SwiftPMPackageDescription" = {
         isa = "PBXNativeTarget";
         buildConfigurationList = "OBJ_112";
         buildPhases = (
            "OBJ_115",
         );
         dependencies = (
         );
         name = "HazelPackageDescription";
         productName = "HazelPackageDescription";
         productType = "com.apple.product-type.framework";
      };
      "OBJ_1" = {
         isa = "PBXProject";
         attributes = {
            LastUpgradeCheck = "9999";
         };
         buildConfigurationList = "OBJ_2";
         compatibilityVersion = "Xcode 3.2";
         developmentRegion = "English";
         hasScannedForEncodings = "0";
         knownRegions = (
            "en",
         );
         mainGroup = "OBJ_5";
         productRefGroup = "OBJ_68";
         projectDirPath = ".";
         targets = (
            "Hazel::Hazel",
            "Hazel::HazelCore",
            "Hazel::SwiftPMPackageDescription",
            "Hazel::HazelPackageTests::ProductTarget",
            "Hazel::HazelTests",
            "Rainbow::Rainbow",
            "Rainbow::SwiftPMPackageDescription",
            "SwiftArgs::SwiftArgs",
            "SwiftArgs::SwiftPMPackageDescription",
         );
      };
      "OBJ_10" = {
         isa = "PBXFileReference";
         path = "Hazel.swift";
         sourceTree = "<group>";
      };
      "OBJ_100" = {
         isa = "PBXBuildFile";
         fileRef = "OBJ_17";
      };
      "OBJ_101" = {
         isa = "PBXBuildFile";
         fileRef = "OBJ_18";
      };
      "OBJ_102" = {
         isa = "PBXBuildFile";
         fileRef = "OBJ_20";
      };
      "OBJ_103" = {
         isa = "PBXBuildFile";
         fileRef = "OBJ_21";
      };
      "OBJ_104" = {
         isa = "PBXBuildFile";
         fileRef = "OBJ_22";
      };
      "OBJ_105" = {
         isa = "PBXBuildFile";
         fileRef = "OBJ_24";
      };
      "OBJ_106" = {
         isa = "PBXFrameworksBuildPhase";
         files = (
            "OBJ_107",
            "OBJ_108",
         );
      };
      "OBJ_107" = {
         isa = "PBXBuildFile";
         fileRef = "SwiftArgs::SwiftArgs::Product";
      };
      "OBJ_108" = {
         isa = "PBXBuildFile";
         fileRef = "Rainbow::Rainbow::Product";
      };
      "OBJ_109" = {
         isa = "PBXTargetDependency";
         target = "SwiftArgs::SwiftArgs";
      };
      "OBJ_11" = {
         isa = "PBXGroup";
         children = (
            "OBJ_12",
            "OBJ_13",
            "OBJ_14",
            "OBJ_15",
            "OBJ_19",
            "OBJ_22",
            "OBJ_23",
         );
         name = "Support";
         path = "Support";
         sourceTree = "<group>";
      };
      "OBJ_110" = {
         isa = "PBXTargetDependency";
         target = "Rainbow::Rainbow";
      };
      "OBJ_112" = {
         isa = "XCConfigurationList";
         buildConfigurations = (
            "OBJ_113",
            "OBJ_114",
         );
         defaultConfigurationIsVisible = "0";
         defaultConfigurationName = "Release";
      };
      "OBJ_113" = {
         isa = "XCBuildConfiguration";
         buildSettings = {
            LD = "/usr/bin/true";
            OTHER_SWIFT_FLAGS = (
               "-swift-version",
               "4",
               "-I",
               "$(TOOLCHAIN_DIR)/usr/lib/swift/pm/4",
               "-target",
               "x86_64-apple-macosx10.10",
               "-sdk",
               "/Applications/Xcode.app/Contents/Developer/Platforms/MacOSX.platform/Developer/SDKs/MacOSX10.13.sdk",
            );
            SWIFT_VERSION = "4.0";
         };
         name = "Debug";
      };
      "OBJ_114" = {
         isa = "XCBuildConfiguration";
         buildSettings = {
            LD = "/usr/bin/true";
            OTHER_SWIFT_FLAGS = (
               "-swift-version",
               "4",
               "-I",
               "$(TOOLCHAIN_DIR)/usr/lib/swift/pm/4",
               "-target",
               "x86_64-apple-macosx10.10",
               "-sdk",
               "/Applications/Xcode.app/Contents/Developer/Platforms/MacOSX.platform/Developer/SDKs/MacOSX10.13.sdk",
            );
            SWIFT_VERSION = "4.0";
         };
         name = "Release";
      };
      "OBJ_115" = {
         isa = "PBXSourcesBuildPhase";
         files = (
            "OBJ_116",
         );
      };
      "OBJ_116" = {
         isa = "PBXBuildFile";
         fileRef = "OBJ_6";
      };
      "OBJ_118" = {
         isa = "XCConfigurationList";
         buildConfigurations = (
            "OBJ_119",
            "OBJ_120",
         );
         defaultConfigurationIsVisible = "0";
         defaultConfigurationName = "Release";
      };
      "OBJ_119" = {
         isa = "XCBuildConfiguration";
         buildSettings = {
         };
         name = "Debug";
      };
      "OBJ_12" = {
         isa = "PBXFileReference";
         path = "Arguments.swift";
         sourceTree = "<group>";
      };
      "OBJ_120" = {
         isa = "XCBuildConfiguration";
         buildSettings = {
         };
         name = "Release";
      };
      "OBJ_121" = {
         isa = "PBXTargetDependency";
         target = "Hazel::HazelTests";
      };
      "OBJ_123" = {
         isa = "XCConfigurationList";
         buildConfigurations = (
            "OBJ_124",
            "OBJ_125",
         );
         defaultConfigurationIsVisible = "0";
         defaultConfigurationName = "Release";
      };
      "OBJ_124" = {
         isa = "XCBuildConfiguration";
         buildSettings = {
            EMBEDDED_CONTENT_CONTAINS_SWIFT = "YES";
            FRAMEWORK_SEARCH_PATHS = (
               "$(inherited)",
               "$(PLATFORM_DIR)/Developer/Library/Frameworks",
            );
            HEADER_SEARCH_PATHS = (
               "$(inherited)",
            );
            INFOPLIST_FILE = "Hazel.xcodeproj/HazelTests_Info.plist";
            LD_RUNPATH_SEARCH_PATHS = (
               "$(inherited)",
               "@loader_path/../Frameworks",
               "@loader_path/Frameworks",
            );
            OTHER_CFLAGS = (
               "$(inherited)",
            );
            OTHER_LDFLAGS = (
               "$(inherited)",
            );
            OTHER_SWIFT_FLAGS = (
               "$(inherited)",
            );
            SWIFT_VERSION = "4.0";
            TARGET_NAME = "HazelTests";
         };
         name = "Debug";
      };
      "OBJ_125" = {
         isa = "XCBuildConfiguration";
         buildSettings = {
            EMBEDDED_CONTENT_CONTAINS_SWIFT = "YES";
            FRAMEWORK_SEARCH_PATHS = (
               "$(inherited)",
               "$(PLATFORM_DIR)/Developer/Library/Frameworks",
            );
            HEADER_SEARCH_PATHS = (
               "$(inherited)",
            );
            INFOPLIST_FILE = "Hazel.xcodeproj/HazelTests_Info.plist";
            LD_RUNPATH_SEARCH_PATHS = (
               "$(inherited)",
               "@loader_path/../Frameworks",
               "@loader_path/Frameworks",
            );
            OTHER_CFLAGS = (
               "$(inherited)",
            );
            OTHER_LDFLAGS = (
               "$(inherited)",
            );
            OTHER_SWIFT_FLAGS = (
               "$(inherited)",
            );
            SWIFT_VERSION = "4.0";
            TARGET_NAME = "HazelTests";
         };
         name = "Release";
      };
      "OBJ_126" = {
         isa = "PBXSourcesBuildPhase";
         files = (
            "OBJ_127",
            "OBJ_128",
         );
      };
      "OBJ_127" = {
         isa = "PBXBuildFile";
         fileRef = "OBJ_29";
      };
      "OBJ_128" = {
         isa = "PBXBuildFile";
         fileRef = "OBJ_30";
      };
      "OBJ_129" = {
         isa = "PBXFrameworksBuildPhase";
         files = (
            "OBJ_130",
            "OBJ_131",
            "OBJ_132",
         );
      };
      "OBJ_13" = {
         isa = "PBXFileReference";
         path = "Completion.swift";
         sourceTree = "<group>";
      };
      "OBJ_130" = {
         isa = "PBXBuildFile";
         fileRef = "Hazel::HazelCore::Product";
      };
      "OBJ_131" = {
         isa = "PBXBuildFile";
         fileRef = "SwiftArgs::SwiftArgs::Product";
      };
      "OBJ_132" = {
         isa = "PBXBuildFile";
         fileRef = "Rainbow::Rainbow::Product";
      };
      "OBJ_133" = {
         isa = "PBXTargetDependency";
         target = "Hazel::HazelCore";
      };
      "OBJ_134" = {
         isa = "PBXTargetDependency";
         target = "SwiftArgs::SwiftArgs";
      };
      "OBJ_135" = {
         isa = "PBXTargetDependency";
         target = "Rainbow::Rainbow";
      };
      "OBJ_136" = {
         isa = "XCConfigurationList";
         buildConfigurations = (
            "OBJ_137",
            "OBJ_138",
         );
         defaultConfigurationIsVisible = "0";
         defaultConfigurationName = "Release";
      };
      "OBJ_137" = {
         isa = "XCBuildConfiguration";
         buildSettings = {
            ENABLE_TESTABILITY = "YES";
            FRAMEWORK_SEARCH_PATHS = (
               "$(inherited)",
               "$(PLATFORM_DIR)/Developer/Library/Frameworks",
            );
            HEADER_SEARCH_PATHS = (
               "$(inherited)",
            );
            INFOPLIST_FILE = "Hazel.xcodeproj/Rainbow_Info.plist";
            LD_RUNPATH_SEARCH_PATHS = (
               "$(inherited)",
               "$(TOOLCHAIN_DIR)/usr/lib/swift/macosx",
            );
            OTHER_CFLAGS = (
               "$(inherited)",
            );
            OTHER_LDFLAGS = (
               "$(inherited)",
            );
            OTHER_SWIFT_FLAGS = (
               "$(inherited)",
            );
            PRODUCT_BUNDLE_IDENTIFIER = "Rainbow";
            PRODUCT_MODULE_NAME = "$(TARGET_NAME:c99extidentifier)";
            PRODUCT_NAME = "$(TARGET_NAME:c99extidentifier)";
            SKIP_INSTALL = "YES";
            SWIFT_VERSION = "4.0";
            TARGET_NAME = "Rainbow";
         };
         name = "Debug";
      };
      "OBJ_138" = {
         isa = "XCBuildConfiguration";
         buildSettings = {
            ENABLE_TESTABILITY = "YES";
            FRAMEWORK_SEARCH_PATHS = (
               "$(inherited)",
               "$(PLATFORM_DIR)/Developer/Library/Frameworks",
            );
            HEADER_SEARCH_PATHS = (
               "$(inherited)",
            );
            INFOPLIST_FILE = "Hazel.xcodeproj/Rainbow_Info.plist";
            LD_RUNPATH_SEARCH_PATHS = (
               "$(inherited)",
               "$(TOOLCHAIN_DIR)/usr/lib/swift/macosx",
            );
            OTHER_CFLAGS = (
               "$(inherited)",
            );
            OTHER_LDFLAGS = (
               "$(inherited)",
            );
            OTHER_SWIFT_FLAGS = (
               "$(inherited)",
            );
            PRODUCT_BUNDLE_IDENTIFIER = "Rainbow";
            PRODUCT_MODULE_NAME = "$(TARGET_NAME:c99extidentifier)";
            PRODUCT_NAME = "$(TARGET_NAME:c99extidentifier)";
            SKIP_INSTALL = "YES";
            SWIFT_VERSION = "4.0";
            TARGET_NAME = "Rainbow";
         };
         name = "Release";
      };
      "OBJ_139" = {
         isa = "PBXSourcesBuildPhase";
         files = (
            "OBJ_140",
            "OBJ_141",
            "OBJ_142",
            "OBJ_143",
            "OBJ_144",
            "OBJ_145",
            "OBJ_146",
            "OBJ_147",
            "OBJ_148",
            "OBJ_149",
            "OBJ_150",
         );
      };
      "OBJ_14" = {
         isa = "PBXFileReference";
         path = "ConsoleIO.swift";
         sourceTree = "<group>";
      };
      "OBJ_140" = {
         isa = "PBXBuildFile";
         fileRef = "OBJ_57";
      };
      "OBJ_141" = {
         isa = "PBXBuildFile";
         fileRef = "OBJ_58";
      };
      "OBJ_142" = {
         isa = "PBXBuildFile";
         fileRef = "OBJ_59";
      };
      "OBJ_143" = {
         isa = "PBXBuildFile";
         fileRef = "OBJ_60";
      };
      "OBJ_144" = {
         isa = "PBXBuildFile";
         fileRef = "OBJ_61";
      };
      "OBJ_145" = {
         isa = "PBXBuildFile";
         fileRef = "OBJ_62";
      };
      "OBJ_146" = {
         isa = "PBXBuildFile";
         fileRef = "OBJ_63";
      };
      "OBJ_147" = {
         isa = "PBXBuildFile";
         fileRef = "OBJ_64";
      };
      "OBJ_148" = {
         isa = "PBXBuildFile";
         fileRef = "OBJ_65";
      };
      "OBJ_149" = {
         isa = "PBXBuildFile";
         fileRef = "OBJ_66";
      };
      "OBJ_15" = {
         isa = "PBXGroup";
         children = (
            "OBJ_16",
            "OBJ_17",
            "OBJ_18",
         );
         name = "Constants";
         path = "Constants";
         sourceTree = "<group>";
      };
      "OBJ_150" = {
         isa = "PBXBuildFile";
         fileRef = "OBJ_67";
      };
      "OBJ_151" = {
         isa = "PBXFrameworksBuildPhase";
         files = (
         );
      };
      "OBJ_153" = {
         isa = "XCConfigurationList";
         buildConfigurations = (
            "OBJ_154",
            "OBJ_155",
         );
         defaultConfigurationIsVisible = "0";
         defaultConfigurationName = "Release";
      };
      "OBJ_154" = {
         isa = "XCBuildConfiguration";
         buildSettings = {
            LD = "/usr/bin/true";
            OTHER_SWIFT_FLAGS = (
               "-swift-version",
               "4",
               "-I",
               "$(TOOLCHAIN_DIR)/usr/lib/swift/pm/4",
               "-target",
               "x86_64-apple-macosx10.10",
               "-sdk",
               "/Applications/Xcode.app/Contents/Developer/Platforms/MacOSX.platform/Developer/SDKs/MacOSX10.13.sdk",
            );
            SWIFT_VERSION = "4.0";
         };
         name = "Debug";
      };
      "OBJ_155" = {
         isa = "XCBuildConfiguration";
         buildSettings = {
            LD = "/usr/bin/true";
            OTHER_SWIFT_FLAGS = (
               "-swift-version",
               "4",
               "-I",
               "$(TOOLCHAIN_DIR)/usr/lib/swift/pm/4",
               "-target",
               "x86_64-apple-macosx10.10",
               "-sdk",
               "/Applications/Xcode.app/Contents/Developer/Platforms/MacOSX.platform/Developer/SDKs/MacOSX10.13.sdk",
            );
            SWIFT_VERSION = "4.0";
         };
         name = "Release";
      };
      "OBJ_156" = {
         isa = "PBXSourcesBuildPhase";
         files = (
            "OBJ_157",
         );
      };
      "OBJ_157" = {
         isa = "PBXBuildFile";
         fileRef = "OBJ_56";
      };
      "OBJ_158" = {
         isa = "XCConfigurationList";
         buildConfigurations = (
            "OBJ_159",
            "OBJ_160",
         );
         defaultConfigurationIsVisible = "0";
         defaultConfigurationName = "Release";
      };
      "OBJ_159" = {
         isa = "XCBuildConfiguration";
         buildSettings = {
            ENABLE_TESTABILITY = "YES";
            FRAMEWORK_SEARCH_PATHS = (
               "$(inherited)",
               "$(PLATFORM_DIR)/Developer/Library/Frameworks",
            );
            HEADER_SEARCH_PATHS = (
               "$(inherited)",
            );
            INFOPLIST_FILE = "Hazel.xcodeproj/SwiftArgs_Info.plist";
            LD_RUNPATH_SEARCH_PATHS = (
               "$(inherited)",
               "$(TOOLCHAIN_DIR)/usr/lib/swift/macosx",
            );
            OTHER_CFLAGS = (
               "$(inherited)",
            );
            OTHER_LDFLAGS = (
               "$(inherited)",
            );
            OTHER_SWIFT_FLAGS = (
               "$(inherited)",
            );
            PRODUCT_BUNDLE_IDENTIFIER = "SwiftArgs";
            PRODUCT_MODULE_NAME = "$(TARGET_NAME:c99extidentifier)";
            PRODUCT_NAME = "$(TARGET_NAME:c99extidentifier)";
            SKIP_INSTALL = "YES";
            SWIFT_VERSION = "4.0";
            TARGET_NAME = "SwiftArgs";
         };
         name = "Debug";
      };
      "OBJ_16" = {
         isa = "PBXFileReference";
         path = "Application.swift";
         sourceTree = "<group>";
      };
      "OBJ_160" = {
         isa = "XCBuildConfiguration";
         buildSettings = {
            ENABLE_TESTABILITY = "YES";
            FRAMEWORK_SEARCH_PATHS = (
               "$(inherited)",
               "$(PLATFORM_DIR)/Developer/Library/Frameworks",
            );
            HEADER_SEARCH_PATHS = (
               "$(inherited)",
            );
            INFOPLIST_FILE = "Hazel.xcodeproj/SwiftArgs_Info.plist";
            LD_RUNPATH_SEARCH_PATHS = (
               "$(inherited)",
               "$(TOOLCHAIN_DIR)/usr/lib/swift/macosx",
            );
            OTHER_CFLAGS = (
               "$(inherited)",
            );
            OTHER_LDFLAGS = (
               "$(inherited)",
            );
            OTHER_SWIFT_FLAGS = (
               "$(inherited)",
            );
            PRODUCT_BUNDLE_IDENTIFIER = "SwiftArgs";
            PRODUCT_MODULE_NAME = "$(TARGET_NAME:c99extidentifier)";
            PRODUCT_NAME = "$(TARGET_NAME:c99extidentifier)";
            SKIP_INSTALL = "YES";
            SWIFT_VERSION = "4.0";
            TARGET_NAME = "SwiftArgs";
         };
         name = "Release";
      };
      "OBJ_161" = {
         isa = "PBXSourcesBuildPhase";
         files = (
            "OBJ_162",
            "OBJ_163",
            "OBJ_164",
            "OBJ_165",
            "OBJ_166",
            "OBJ_167",
            "OBJ_168",
            "OBJ_169",
            "OBJ_170",
            "OBJ_171",
            "OBJ_172",
            "OBJ_173",
            "OBJ_174",
            "OBJ_175",
            "OBJ_176",
            "OBJ_177",
         );
      };
      "OBJ_162" = {
         isa = "PBXBuildFile";
         fileRef = "OBJ_35";
      };
      "OBJ_163" = {
         isa = "PBXBuildFile";
         fileRef = "OBJ_36";
      };
      "OBJ_164" = {
         isa = "PBXBuildFile";
         fileRef = "OBJ_37";
      };
      "OBJ_165" = {
         isa = "PBXBuildFile";
         fileRef = "OBJ_38";
      };
      "OBJ_166" = {
         isa = "PBXBuildFile";
         fileRef = "OBJ_39";
      };
      "OBJ_167" = {
         isa = "PBXBuildFile";
         fileRef = "OBJ_40";
      };
      "OBJ_168" = {
         isa = "PBXBuildFile";
         fileRef = "OBJ_43";
      };
      "OBJ_169" = {
         isa = "PBXBuildFile";
         fileRef = "OBJ_44";
      };
      "OBJ_17" = {
         isa = "PBXFileReference";
         path = "ConsoleOutputType.swift";
         sourceTree = "<group>";
      };
      "OBJ_170" = {
         isa = "PBXBuildFile";
         fileRef = "OBJ_45";
      };
      "OBJ_171" = {
         isa = "PBXBuildFile";
         fileRef = "OBJ_47";
      };
      "OBJ_172" = {
         isa = "PBXBuildFile";
         fileRef = "OBJ_48";
      };
      "OBJ_173" = {
         isa = "PBXBuildFile";
         fileRef = "OBJ_49";
      };
      "OBJ_174" = {
         isa = "PBXBuildFile";
         fileRef = "OBJ_50";
      };
      "OBJ_175" = {
         isa = "PBXBuildFile";
         fileRef = "OBJ_51";
      };
      "OBJ_176" = {
         isa = "PBXBuildFile";
         fileRef = "OBJ_52";
      };
      "OBJ_177" = {
         isa = "PBXBuildFile";
         fileRef = "OBJ_53";
      };
      "OBJ_178" = {
         isa = "PBXFrameworksBuildPhase";
         files = (
         );
      };
      "OBJ_18" = {
         isa = "PBXFileReference";
         path = "ProjectType.swift";
         sourceTree = "<group>";
      };
      "OBJ_180" = {
         isa = "XCConfigurationList";
         buildConfigurations = (
            "OBJ_181",
            "OBJ_182",
         );
         defaultConfigurationIsVisible = "0";
         defaultConfigurationName = "Release";
      };
      "OBJ_181" = {
         isa = "XCBuildConfiguration";
         buildSettings = {
            LD = "/usr/bin/true";
            OTHER_SWIFT_FLAGS = (
               "-swift-version",
               "4",
               "-I",
               "$(TOOLCHAIN_DIR)/usr/lib/swift/pm/4",
               "-target",
               "x86_64-apple-macosx10.10",
               "-sdk",
               "/Applications/Xcode.app/Contents/Developer/Platforms/MacOSX.platform/Developer/SDKs/MacOSX10.13.sdk",
            );
            SWIFT_VERSION = "4.0";
         };
         name = "Debug";
      };
      "OBJ_182" = {
         isa = "XCBuildConfiguration";
         buildSettings = {
            LD = "/usr/bin/true";
            OTHER_SWIFT_FLAGS = (
               "-swift-version",
               "4",
               "-I",
               "$(TOOLCHAIN_DIR)/usr/lib/swift/pm/4",
               "-target",
               "x86_64-apple-macosx10.10",
               "-sdk",
               "/Applications/Xcode.app/Contents/Developer/Platforms/MacOSX.platform/Developer/SDKs/MacOSX10.13.sdk",
            );
            SWIFT_VERSION = "4.0";
         };
         name = "Release";
      };
      "OBJ_183" = {
         isa = "PBXSourcesBuildPhase";
         files = (
            "OBJ_184",
         );
      };
      "OBJ_184" = {
         isa = "PBXBuildFile";
         fileRef = "OBJ_54";
      };
      "OBJ_19" = {
         isa = "PBXGroup";
         children = (
            "OBJ_20",
            "OBJ_21",
         );
         name = "Extensions";
         path = "Extensions";
         sourceTree = "<group>";
      };
      "OBJ_2" = {
         isa = "XCConfigurationList";
         buildConfigurations = (
            "OBJ_3",
            "OBJ_4",
         );
         defaultConfigurationIsVisible = "0";
         defaultConfigurationName = "Release";
      };
      "OBJ_20" = {
         isa = "PBXFileReference";
         path = "Date+todayPrettified.swift";
         sourceTree = "<group>";
      };
      "OBJ_21" = {
         isa = "PBXFileReference";
         path = "FileManager+isDirectory.swift";
         sourceTree = "<group>";
      };
      "OBJ_22" = {
         isa = "PBXFileReference";
         path = "GeneratorError.swift";
         sourceTree = "<group>";
      };
      "OBJ_23" = {
         isa = "PBXGroup";
         children = (
            "OBJ_24",
         );
         name = "Protocols";
         path = "Protocols";
         sourceTree = "<group>";
      };
      "OBJ_24" = {
         isa = "PBXFileReference";
         path = "Generatable.swift";
         sourceTree = "<group>";
      };
      "OBJ_25" = {
         isa = "PBXGroup";
         children = (
            "OBJ_26",
         );
         name = "Hazel";
         path = "Sources/Hazel";
         sourceTree = "SOURCE_ROOT";
      };
      "OBJ_26" = {
         isa = "PBXFileReference";
         path = "main.swift";
         sourceTree = "<group>";
      };
      "OBJ_27" = {
         isa = "PBXGroup";
         children = (
            "OBJ_28",
         );
         name = "Tests";
         path = "";
         sourceTree = "SOURCE_ROOT";
      };
      "OBJ_28" = {
         isa = "PBXGroup";
         children = (
            "OBJ_29",
            "OBJ_30",
         );
         name = "HazelTests";
         path = "Tests/HazelTests";
         sourceTree = "SOURCE_ROOT";
      };
      "OBJ_29" = {
         isa = "PBXFileReference";
         path = "HazelTests.swift";
         sourceTree = "<group>";
      };
      "OBJ_3" = {
         isa = "XCBuildConfiguration";
         buildSettings = {
            CLANG_ENABLE_OBJC_ARC = "YES";
            COMBINE_HIDPI_IMAGES = "YES";
            COPY_PHASE_STRIP = "NO";
            DEBUG_INFORMATION_FORMAT = "dwarf";
            DYLIB_INSTALL_NAME_BASE = "@rpath";
            ENABLE_NS_ASSERTIONS = "YES";
            GCC_OPTIMIZATION_LEVEL = "0";
            MACOSX_DEPLOYMENT_TARGET = "10.10";
            ONLY_ACTIVE_ARCH = "YES";
            OTHER_SWIFT_FLAGS = (
               "-DXcode",
            );
            PRODUCT_NAME = "$(TARGET_NAME)";
            SDKROOT = "macosx";
            SUPPORTED_PLATFORMS = (
               "macosx",
               "iphoneos",
               "iphonesimulator",
               "appletvos",
               "appletvsimulator",
               "watchos",
               "watchsimulator",
            );
            SWIFT_ACTIVE_COMPILATION_CONDITIONS = "SWIFT_PACKAGE";
            SWIFT_OPTIMIZATION_LEVEL = "-Onone";
            USE_HEADERMAP = "NO";
         };
         name = "Debug";
      };
      "OBJ_30" = {
         isa = "PBXFileReference";
         path = "XCTestManifests.swift";
         sourceTree = "<group>";
      };
      "OBJ_31" = {
         isa = "PBXGroup";
         children = (
            "OBJ_32",
            "OBJ_55",
         );
         name = "Dependencies";
         path = "";
         sourceTree = "<group>";
      };
      "OBJ_32" = {
         isa = "PBXGroup";
         children = (
            "OBJ_33",
            "OBJ_54",
         );
         name = "SwiftArgs 0.5.4";
         path = "";
         sourceTree = "SOURCE_ROOT";
      };
      "OBJ_33" = {
         isa = "PBXGroup";
         children = (
            "OBJ_34",
            "OBJ_41",
            "OBJ_52",
            "OBJ_53",
         );
         name = "SwiftArgs";
         path = ".build/checkouts/SwiftArgs-3802458450398809027/Sources/SwiftArgs";
         sourceTree = "SOURCE_ROOT";
      };
      "OBJ_34" = {
         isa = "PBXGroup";
         children = (
            "OBJ_35",
            "OBJ_36",
            "OBJ_37",
            "OBJ_38",
            "OBJ_39",
            "OBJ_40",
         );
         name = "ArgumentOptions";
         path = "ArgumentOptions";
         sourceTree = "<group>";
      };
      "OBJ_35" = {
         isa = "PBXFileReference";
         path = "Argument.swift";
         sourceTree = "<group>";
      };
      "OBJ_36" = {
         isa = "PBXFileReference";
         path = "BoolOption.swift";
         sourceTree = "<group>";
      };
      "OBJ_37" = {
         isa = "PBXFileReference";
         path = "CommandOption.swift";
         sourceTree = "<group>";
      };
      "OBJ_38" = {
         isa = "PBXFileReference";
         path = "EnumOption.swift";
         sourceTree = "<group>";
      };
      "OBJ_39" = {
         isa = "PBXFileReference";
         path = "FlagOption.swift";
         sourceTree = "<group>";
      };
      "OBJ_4" = {
         isa = "XCBuildConfiguration";
         buildSettings = {
            CLANG_ENABLE_OBJC_ARC = "YES";
            COMBINE_HIDPI_IMAGES = "YES";
            COPY_PHASE_STRIP = "YES";
            DEBUG_INFORMATION_FORMAT = "dwarf-with-dsym";
            DYLIB_INSTALL_NAME_BASE = "@rpath";
            GCC_OPTIMIZATION_LEVEL = "s";
            MACOSX_DEPLOYMENT_TARGET = "10.10";
            OTHER_SWIFT_FLAGS = (
               "-DXcode",
            );
            PRODUCT_NAME = "$(TARGET_NAME)";
            SDKROOT = "macosx";
            SUPPORTED_PLATFORMS = (
               "macosx",
               "iphoneos",
               "iphonesimulator",
               "appletvos",
               "appletvsimulator",
               "watchos",
               "watchsimulator",
            );
            SWIFT_ACTIVE_COMPILATION_CONDITIONS = "SWIFT_PACKAGE";
            SWIFT_OPTIMIZATION_LEVEL = "-Owholemodule";
            USE_HEADERMAP = "NO";
         };
         name = "Release";
      };
      "OBJ_40" = {
         isa = "PBXFileReference";
         path = "StringOption.swift";
         sourceTree = "<group>";
      };
      "OBJ_41" = {
         isa = "PBXGroup";
         children = (
            "OBJ_42",
            "OBJ_46",
            "OBJ_49",
            "OBJ_50",
            "OBJ_51",
         );
         name = "Support";
         path = "Support";
         sourceTree = "<group>";
      };
      "OBJ_42" = {
         isa = "PBXGroup";
         children = (
            "OBJ_43",
            "OBJ_44",
            "OBJ_45",
         );
         name = "Constants";
         path = "Constants";
         sourceTree = "<group>";
      };
      "OBJ_43" = {
         isa = "PBXFileReference";
         path = "ANSIAttribute.swift";
         sourceTree = "<group>";
      };
      "OBJ_44" = {
         isa = "PBXFileReference";
         path = "ANSIColor.swift";
         sourceTree = "<group>";
      };
      "OBJ_45" = {
         isa = "PBXFileReference";
         path = "ArgumentType.swift";
         sourceTree = "<group>";
      };
      "OBJ_46" = {
         isa = "PBXGroup";
         children = (
            "OBJ_47",
            "OBJ_48",
         );
         name = "Extension";
         path = "Extension";
         sourceTree = "<group>";
      };
      "OBJ_47" = {
         isa = "PBXFileReference";
         path = "Array+Argument.swift";
         sourceTree = "<group>";
      };
      "OBJ_48" = {
         isa = "PBXFileReference";
         path = "String+Color.swift";
         sourceTree = "<group>";
      };
      "OBJ_49" = {
         isa = "PBXFileReference";
         path = "OutputStream.swift";
         sourceTree = "<group>";
      };
      "OBJ_5" = {
         isa = "PBXGroup";
         children = (
            "OBJ_6",
            "OBJ_7",
            "OBJ_27",
            "OBJ_31",
            "OBJ_68",
         );
         path = "";
         sourceTree = "<group>";
      };
      "OBJ_50" = {
         isa = "PBXFileReference";
         path = "SwiftArgsError.swift";
         sourceTree = "<group>";
      };
      "OBJ_51" = {
         isa = "PBXFileReference";
         path = "SwiftConsole.swift";
         sourceTree = "<group>";
      };
      "OBJ_52" = {
         isa = "PBXFileReference";
         path = "SwiftArgs.swift";
         sourceTree = "<group>";
      };
      "OBJ_53" = {
         isa = "PBXFileReference";
         path = "SwiftArgsParser.swift";
         sourceTree = "<group>";
      };
      "OBJ_54" = {
         isa = "PBXFileReference";
         explicitFileType = "sourcecode.swift";
         name = "Package.swift";
         path = "/Users/ardalansamimi/Public/Git/Hazel/.build/checkouts/SwiftArgs-3802458450398809027/Package.swift";
         sourceTree = "<group>";
      };
      "OBJ_55" = {
         isa = "PBXGroup";
         children = (
            "OBJ_56",
            "OBJ_57",
            "OBJ_58",
            "OBJ_59",
            "OBJ_60",
            "OBJ_61",
            "OBJ_62",
            "OBJ_63",
            "OBJ_64",
            "OBJ_65",
            "OBJ_66",
            "OBJ_67",
         );
         name = "Rainbow 3.1.4";
         path = ".build/checkouts/Rainbow-4833422609927903952/Sources";
         sourceTree = "SOURCE_ROOT";
      };
      "OBJ_56" = {
         isa = "PBXFileReference";
         explicitFileType = "sourcecode.swift";
         name = "Package.swift";
         path = "/Users/ardalansamimi/Public/Git/Hazel/.build/checkouts/Rainbow-4833422609927903952/Package.swift";
         sourceTree = "<group>";
      };
      "OBJ_57" = {
         isa = "PBXFileReference";
         path = "BackgroundColor.swift";
         sourceTree = "<group>";
      };
      "OBJ_58" = {
         isa = "PBXFileReference";
         path = "CodesParser.swift";
         sourceTree = "<group>";
      };
      "OBJ_59" = {
         isa = "PBXFileReference";
         path = "Color.swift";
         sourceTree = "<group>";
      };
      "OBJ_6" = {
         isa = "PBXFileReference";
         explicitFileType = "sourcecode.swift";
         path = "Package.swift";
         sourceTree = "<group>";
      };
      "OBJ_60" = {
         isa = "PBXFileReference";
         path = "ControlCode.swift";
         sourceTree = "<group>";
      };
      "OBJ_61" = {
         isa = "PBXFileReference";
         path = "ModesExtractor.swift";
         sourceTree = "<group>";
      };
      "OBJ_62" = {
         isa = "PBXFileReference";
         path = "OutputTarget.swift";
         sourceTree = "<group>";
      };
      "OBJ_63" = {
         isa = "PBXFileReference";
         path = "Rainbow.swift";
         sourceTree = "<group>";
      };
      "OBJ_64" = {
         isa = "PBXFileReference";
         path = "String+Rainbow.swift";
         sourceTree = "<group>";
      };
      "OBJ_65" = {
         isa = "PBXFileReference";
         path = "StringGenerator.swift";
         sourceTree = "<group>";
      };
      "OBJ_66" = {
         isa = "PBXFileReference";
         path = "Style.swift";
         sourceTree = "<group>";
      };
      "OBJ_67" = {
         isa = "PBXFileReference";
         path = "XcodeColorsSupport.swift";
         sourceTree = "<group>";
      };
      "OBJ_68" = {
         isa = "PBXGroup";
         children = (
            "Hazel::Hazel::Product",
            "Hazel::HazelTests::Product",
            "Hazel::HazelCore::Product",
            "SwiftArgs::SwiftArgs::Product",
            "Rainbow::Rainbow::Product",
         );
         name = "Products";
         path = "";
         sourceTree = "BUILT_PRODUCTS_DIR";
      };
      "OBJ_7" = {
         isa = "PBXGroup";
         children = (
            "OBJ_8",
            "OBJ_25",
         );
         name = "Sources";
         path = "";
         sourceTree = "SOURCE_ROOT";
      };
      "OBJ_75" = {
         isa = "XCConfigurationList";
         buildConfigurations = (
            "OBJ_76",
            "OBJ_77",
         );
         defaultConfigurationIsVisible = "0";
         defaultConfigurationName = "Release";
      };
      "OBJ_76" = {
         isa = "XCBuildConfiguration";
         buildSettings = {
            FRAMEWORK_SEARCH_PATHS = (
               "$(inherited)",
               "$(PLATFORM_DIR)/Developer/Library/Frameworks",
            );
            HEADER_SEARCH_PATHS = (
               "$(inherited)",
            );
            INFOPLIST_FILE = "Hazel.xcodeproj/Hazel_Info.plist";
            LD_RUNPATH_SEARCH_PATHS = (
               "$(inherited)",
               "$(TOOLCHAIN_DIR)/usr/lib/swift/macosx",
               "@executable_path",
            );
            OTHER_CFLAGS = (
               "$(inherited)",
            );
            OTHER_LDFLAGS = (
               "$(inherited)",
            );
            OTHER_SWIFT_FLAGS = (
               "$(inherited)",
            );
            SWIFT_FORCE_DYNAMIC_LINK_STDLIB = "YES";
            SWIFT_FORCE_STATIC_LINK_STDLIB = "NO";
            SWIFT_VERSION = "4.0";
            TARGET_NAME = "Hazel";
         };
         name = "Debug";
      };
      "OBJ_77" = {
         isa = "XCBuildConfiguration";
         buildSettings = {
            FRAMEWORK_SEARCH_PATHS = (
               "$(inherited)",
               "$(PLATFORM_DIR)/Developer/Library/Frameworks",
            );
            HEADER_SEARCH_PATHS = (
               "$(inherited)",
            );
            INFOPLIST_FILE = "Hazel.xcodeproj/Hazel_Info.plist";
            LD_RUNPATH_SEARCH_PATHS = (
               "$(inherited)",
               "$(TOOLCHAIN_DIR)/usr/lib/swift/macosx",
               "@executable_path",
            );
            OTHER_CFLAGS = (
               "$(inherited)",
            );
            OTHER_LDFLAGS = (
               "$(inherited)",
            );
            OTHER_SWIFT_FLAGS = (
               "$(inherited)",
            );
            SWIFT_FORCE_DYNAMIC_LINK_STDLIB = "YES";
            SWIFT_FORCE_STATIC_LINK_STDLIB = "NO";
            SWIFT_VERSION = "4.0";
            TARGET_NAME = "Hazel";
         };
         name = "Release";
      };
      "OBJ_78" = {
         isa = "PBXSourcesBuildPhase";
         files = (
            "OBJ_79",
         );
      };
      "OBJ_79" = {
         isa = "PBXBuildFile";
         fileRef = "OBJ_26";
      };
      "OBJ_8" = {
         isa = "PBXGroup";
         children = (
            "OBJ_9",
            "OBJ_10",
            "OBJ_11",
         );
         name = "HazelCore";
         path = "Sources/HazelCore";
         sourceTree = "SOURCE_ROOT";
      };
      "OBJ_80" = {
         isa = "PBXFrameworksBuildPhase";
         files = (
            "OBJ_81",
            "OBJ_82",
            "OBJ_83",
         );
      };
      "OBJ_81" = {
         isa = "PBXBuildFile";
         fileRef = "Hazel::HazelCore::Product";
      };
      "OBJ_82" = {
         isa = "PBXBuildFile";
         fileRef = "SwiftArgs::SwiftArgs::Product";
      };
      "OBJ_83" = {
         isa = "PBXBuildFile";
         fileRef = "Rainbow::Rainbow::Product";
      };
      "OBJ_84" = {
         isa = "PBXTargetDependency";
         target = "Hazel::HazelCore";
      };
      "OBJ_86" = {
         isa = "PBXTargetDependency";
         target = "SwiftArgs::SwiftArgs";
      };
      "OBJ_88" = {
         isa = "PBXTargetDependency";
         target = "Rainbow::Rainbow";
      };
      "OBJ_9" = {
         isa = "PBXFileReference";
         path = "Generator.swift";
         sourceTree = "<group>";
      };
      "OBJ_90" = {
         isa = "XCConfigurationList";
         buildConfigurations = (
            "OBJ_91",
            "OBJ_92",
         );
         defaultConfigurationIsVisible = "0";
         defaultConfigurationName = "Release";
      };
      "OBJ_91" = {
         isa = "XCBuildConfiguration";
         buildSettings = {
            ENABLE_TESTABILITY = "YES";
            FRAMEWORK_SEARCH_PATHS = (
               "$(inherited)",
               "$(PLATFORM_DIR)/Developer/Library/Frameworks",
            );
            HEADER_SEARCH_PATHS = (
               "$(inherited)",
            );
            INFOPLIST_FILE = "Hazel.xcodeproj/HazelCore_Info.plist";
            LD_RUNPATH_SEARCH_PATHS = (
               "$(inherited)",
               "$(TOOLCHAIN_DIR)/usr/lib/swift/macosx",
            );
            OTHER_CFLAGS = (
               "$(inherited)",
            );
            OTHER_LDFLAGS = (
               "$(inherited)",
            );
            OTHER_SWIFT_FLAGS = (
               "$(inherited)",
            );
            PRODUCT_BUNDLE_IDENTIFIER = "HazelCore";
            PRODUCT_MODULE_NAME = "$(TARGET_NAME:c99extidentifier)";
            PRODUCT_NAME = "$(TARGET_NAME:c99extidentifier)";
            SKIP_INSTALL = "YES";
            SWIFT_VERSION = "4.0";
            TARGET_NAME = "HazelCore";
         };
         name = "Debug";
      };
      "OBJ_92" = {
         isa = "XCBuildConfiguration";
         buildSettings = {
            ENABLE_TESTABILITY = "YES";
            FRAMEWORK_SEARCH_PATHS = (
               "$(inherited)",
               "$(PLATFORM_DIR)/Developer/Library/Frameworks",
            );
            HEADER_SEARCH_PATHS = (
               "$(inherited)",
            );
            INFOPLIST_FILE = "Hazel.xcodeproj/HazelCore_Info.plist";
            LD_RUNPATH_SEARCH_PATHS = (
               "$(inherited)",
               "$(TOOLCHAIN_DIR)/usr/lib/swift/macosx",
            );
            OTHER_CFLAGS = (
               "$(inherited)",
            );
            OTHER_LDFLAGS = (
               "$(inherited)",
            );
            OTHER_SWIFT_FLAGS = (
               "$(inherited)",
            );
            PRODUCT_BUNDLE_IDENTIFIER = "HazelCore";
            PRODUCT_MODULE_NAME = "$(TARGET_NAME:c99extidentifier)";
            PRODUCT_NAME = "$(TARGET_NAME:c99extidentifier)";
            SKIP_INSTALL = "YES";
            SWIFT_VERSION = "4.0";
            TARGET_NAME = "HazelCore";
         };
         name = "Release";
      };
      "OBJ_93" = {
         isa = "PBXSourcesBuildPhase";
         files = (
            "OBJ_94",
            "OBJ_95",
            "OBJ_96",
            "OBJ_97",
            "OBJ_98",
            "OBJ_99",
            "OBJ_100",
            "OBJ_101",
            "OBJ_102",
            "OBJ_103",
            "OBJ_104",
            "OBJ_105",
         );
      };
      "OBJ_94" = {
         isa = "PBXBuildFile";
         fileRef = "OBJ_9";
      };
      "OBJ_95" = {
         isa = "PBXBuildFile";
         fileRef = "OBJ_10";
      };
      "OBJ_96" = {
         isa = "PBXBuildFile";
         fileRef = "OBJ_12";
      };
      "OBJ_97" = {
         isa = "PBXBuildFile";
         fileRef = "OBJ_13";
      };
      "OBJ_98" = {
         isa = "PBXBuildFile";
         fileRef = "OBJ_14";
      };
      "OBJ_99" = {
         isa = "PBXBuildFile";
         fileRef = "OBJ_16";
      };
      "Rainbow::Rainbow" = {
         isa = "PBXNativeTarget";
         buildConfigurationList = "OBJ_136";
         buildPhases = (
            "OBJ_139",
            "OBJ_151",
         );
         dependencies = (
         );
         name = "Rainbow";
         productName = "Rainbow";
         productReference = "Rainbow::Rainbow::Product";
         productType = "com.apple.product-type.framework";
      };
      "Rainbow::Rainbow::Product" = {
         isa = "PBXFileReference";
         path = "Rainbow.framework";
         sourceTree = "BUILT_PRODUCTS_DIR";
      };
      "Rainbow::SwiftPMPackageDescription" = {
         isa = "PBXNativeTarget";
         buildConfigurationList = "OBJ_153";
         buildPhases = (
            "OBJ_156",
         );
         dependencies = (
         );
         name = "RainbowPackageDescription";
         productName = "RainbowPackageDescription";
         productType = "com.apple.product-type.framework";
      };
      "SwiftArgs::SwiftArgs" = {
         isa = "PBXNativeTarget";
         buildConfigurationList = "OBJ_158";
         buildPhases = (
            "OBJ_161",
            "OBJ_178",
         );
         dependencies = (
         );
         name = "SwiftArgs";
         productName = "SwiftArgs";
         productReference = "SwiftArgs::SwiftArgs::Product";
         productType = "com.apple.product-type.framework";
      };
      "SwiftArgs::SwiftArgs::Product" = {
         isa = "PBXFileReference";
         path = "SwiftArgs.framework";
         sourceTree = "BUILT_PRODUCTS_DIR";
      };
      "SwiftArgs::SwiftPMPackageDescription" = {
         isa = "PBXNativeTarget";
         buildConfigurationList = "OBJ_180";
         buildPhases = (
            "OBJ_183",
         );
         dependencies = (
         );
         name = "SwiftArgsPackageDescription";
         productName = "SwiftArgsPackageDescription";
         productType = "com.apple.product-type.framework";
      };
   };
   rootObject = "OBJ_1";
}
